// !$*UTF8*$!
{
	archiveVersion = 1;
	classes = {
	};
	objectVersion = 56;
	objects = {

/* Begin PBXBuildFile section */
		2A7E125B2A49A089000E5D4A /* FinanceTrackerApp.swift in Sources */ = {isa = PBXBuildFile; fileRef = 2A7E125A2A49A089000E5D4A /* FinanceTrackerApp.swift */; };
		2A7E125D2A49A089000E5D4A /* ContentView.swift in Sources */ = {isa = PBXBuildFile; fileRef = 2A7E125C2A49A089000E5D4A /* ContentView.swift */; };
		2A7E125F2A49A08C000E5D4A /* Assets.xcassets in Resources */ = {isa = PBXBuildFile; fileRef = 2A7E125E2A49A08C000E5D4A /* Assets.xcassets */; };
		2A7E12622A49A08C000E5D4A /* Preview Assets.xcassets in Resources */ = {isa = PBXBuildFile; fileRef = 2A7E12612A49A08C000E5D4A /* Preview Assets.xcassets */; };
		2A7E12692A49A320000E5D4A /* Extensions.swift in Sources */ = {isa = PBXBuildFile; fileRef = 2A7E12682A49A320000E5D4A /* Extensions.swift */; };
		2A7E126B2A49CABC000E5D4A /* TransactionModel.swift in Sources */ = {isa = PBXBuildFile; fileRef = 2A7E126A2A49CABC000E5D4A /* TransactionModel.swift */; };
		2A7E126D2A49DA2E000E5D4A /* PreviewData.swift in Sources */ = {isa = PBXBuildFile; fileRef = 2A7E126C2A49DA2E000E5D4A /* PreviewData.swift */; };
		2A7E126F2A49DB5A000E5D4A /* TransactionRow.swift in Sources */ = {isa = PBXBuildFile; fileRef = 2A7E126E2A49DB5A000E5D4A /* TransactionRow.swift */; };
		2A7E12722A4AF627000E5D4A /* SwiftUIFontIcon in Frameworks */ = {isa = PBXBuildFile; productRef = 2A7E12712A4AF627000E5D4A /* SwiftUIFontIcon */; };
		2A7E12742A4AF70F000E5D4A /* TransactionListViewModel.swift in Sources */ = {isa = PBXBuildFile; fileRef = 2A7E12732A4AF70F000E5D4A /* TransactionListViewModel.swift */; };
		2A7E12762A4B1AAF000E5D4A /* RecentTransactionList.swift in Sources */ = {isa = PBXBuildFile; fileRef = 2A7E12752A4B1AAF000E5D4A /* RecentTransactionList.swift */; };
		2A7E12782A4C652D000E5D4A /* TransactionList.swift in Sources */ = {isa = PBXBuildFile; fileRef = 2A7E12772A4C652D000E5D4A /* TransactionList.swift */; };
		2A7E127B2A4C69C6000E5D4A /* Collections in Frameworks */ = {isa = PBXBuildFile; productRef = 2A7E127A2A4C69C6000E5D4A /* Collections */; };
		2A7E127E2A4C6B33000E5D4A /* SwiftUICharts in Frameworks */ = {isa = PBXBuildFile; productRef = 2A7E127D2A4C6B33000E5D4A /* SwiftUICharts */; };
/* End PBXBuildFile section */

/* Begin PBXFileReference section */
		2A7E12572A49A089000E5D4A /* FinanceTracker.app */ = {isa = PBXFileReference; explicitFileType = wrapper.application; includeInIndex = 0; path = FinanceTracker.app; sourceTree = BUILT_PRODUCTS_DIR; };
		2A7E125A2A49A089000E5D4A /* FinanceTrackerApp.swift */ = {isa = PBXFileReference; lastKnownFileType = sourcecode.swift; path = FinanceTrackerApp.swift; sourceTree = "<group>"; };
		2A7E125C2A49A089000E5D4A /* ContentView.swift */ = {isa = PBXFileReference; lastKnownFileType = sourcecode.swift; path = ContentView.swift; sourceTree = "<group>"; };
		2A7E125E2A49A08C000E5D4A /* Assets.xcassets */ = {isa = PBXFileReference; lastKnownFileType = folder.assetcatalog; path = Assets.xcassets; sourceTree = "<group>"; };
		2A7E12612A49A08C000E5D4A /* Preview Assets.xcassets */ = {isa = PBXFileReference; lastKnownFileType = folder.assetcatalog; path = "Preview Assets.xcassets"; sourceTree = "<group>"; };
		2A7E12682A49A320000E5D4A /* Extensions.swift */ = {isa = PBXFileReference; lastKnownFileType = sourcecode.swift; path = Extensions.swift; sourceTree = "<group>"; };
		2A7E126A2A49CABC000E5D4A /* TransactionModel.swift */ = {isa = PBXFileReference; lastKnownFileType = sourcecode.swift; path = TransactionModel.swift; sourceTree = "<group>"; };
		2A7E126C2A49DA2E000E5D4A /* PreviewData.swift */ = {isa = PBXFileReference; lastKnownFileType = sourcecode.swift; path = PreviewData.swift; sourceTree = "<group>"; };
		2A7E126E2A49DB5A000E5D4A /* TransactionRow.swift */ = {isa = PBXFileReference; lastKnownFileType = sourcecode.swift; path = TransactionRow.swift; sourceTree = "<group>"; };
		2A7E12732A4AF70F000E5D4A /* TransactionListViewModel.swift */ = {isa = PBXFileReference; lastKnownFileType = sourcecode.swift; path = TransactionListViewModel.swift; sourceTree = "<group>"; };
		2A7E12752A4B1AAF000E5D4A /* RecentTransactionList.swift */ = {isa = PBXFileReference; lastKnownFileType = sourcecode.swift; path = RecentTransactionList.swift; sourceTree = "<group>"; };
		2A7E12772A4C652D000E5D4A /* TransactionList.swift */ = {isa = PBXFileReference; lastKnownFileType = sourcecode.swift; path = TransactionList.swift; sourceTree = "<group>"; };
/* End PBXFileReference section */

/* Begin PBXFrameworksBuildPhase section */
		2A7E12542A49A089000E5D4A /* Frameworks */ = {
			isa = PBXFrameworksBuildPhase;
			buildActionMask = 2147483647;
			files = (
				2A7E127E2A4C6B33000E5D4A /* SwiftUICharts in Frameworks */,
				2A7E127B2A4C69C6000E5D4A /* Collections in Frameworks */,
				2A7E12722A4AF627000E5D4A /* SwiftUIFontIcon in Frameworks */,
			);
			runOnlyForDeploymentPostprocessing = 0;
		};
/* End PBXFrameworksBuildPhase section */

/* Begin PBXGroup section */
		2A7E124E2A49A088000E5D4A = {
			isa = PBXGroup;
			children = (
				2A7E12592A49A089000E5D4A /* FinanceTracker */,
				2A7E12582A49A089000E5D4A /* Products */,
			);
			sourceTree = "<group>";
		};
		2A7E12582A49A089000E5D4A /* Products */ = {
			isa = PBXGroup;
			children = (
				2A7E12572A49A089000E5D4A /* FinanceTracker.app */,
			);
			name = Products;
			sourceTree = "<group>";
		};
		2A7E12592A49A089000E5D4A /* FinanceTracker */ = {
			isa = PBXGroup;
			children = (
				2A7E125A2A49A089000E5D4A /* FinanceTrackerApp.swift */,
				2A7E125C2A49A089000E5D4A /* ContentView.swift */,
				2A7E12752A4B1AAF000E5D4A /* RecentTransactionList.swift */,
				2A7E126E2A49DB5A000E5D4A /* TransactionRow.swift */,
				2A7E12732A4AF70F000E5D4A /* TransactionListViewModel.swift */,
				2A7E12772A4C652D000E5D4A /* TransactionList.swift */,
				2A7E126A2A49CABC000E5D4A /* TransactionModel.swift */,
				2A7E12682A49A320000E5D4A /* Extensions.swift */,
				2A7E125E2A49A08C000E5D4A /* Assets.xcassets */,
				2A7E12602A49A08C000E5D4A /* Preview Content */,
			);
			path = FinanceTracker;
			sourceTree = "<group>";
		};
		2A7E12602A49A08C000E5D4A /* Preview Content */ = {
			isa = PBXGroup;
			children = (
				2A7E12612A49A08C000E5D4A /* Preview Assets.xcassets */,
				2A7E126C2A49DA2E000E5D4A /* PreviewData.swift */,
			);
			path = "Preview Content";
			sourceTree = "<group>";
		};
/* End PBXGroup section */

/* Begin PBXNativeTarget section */
		2A7E12562A49A089000E5D4A /* FinanceTracker */ = {
			isa = PBXNativeTarget;
			buildConfigurationList = 2A7E12652A49A08C000E5D4A /* Build configuration list for PBXNativeTarget "FinanceTracker" */;
			buildPhases = (
				2A7E12532A49A089000E5D4A /* Sources */,
				2A7E12542A49A089000E5D4A /* Frameworks */,
				2A7E12552A49A089000E5D4A /* Resources */,
			);
			buildRules = (
			);
			dependencies = (
			);
			name = FinanceTracker;
			packageProductDependencies = (
				2A7E12712A4AF627000E5D4A /* SwiftUIFontIcon */,
				2A7E127A2A4C69C6000E5D4A /* Collections */,
				2A7E127D2A4C6B33000E5D4A /* SwiftUICharts */,
			);
			productName = FinanceTracker;
			productReference = 2A7E12572A49A089000E5D4A /* FinanceTracker.app */;
			productType = "com.apple.product-type.application";
		};
/* End PBXNativeTarget section */

/* Begin PBXProject section */
		2A7E124F2A49A088000E5D4A /* Project object */ = {
			isa = PBXProject;
			attributes = {
				BuildIndependentTargetsInParallel = 1;
				LastSwiftUpdateCheck = 1420;
				LastUpgradeCheck = 1420;
				TargetAttributes = {
					2A7E12562A49A089000E5D4A = {
						CreatedOnToolsVersion = 14.2;
					};
				};
			};
			buildConfigurationList = 2A7E12522A49A088000E5D4A /* Build configuration list for PBXProject "FinanceTracker" */;
			compatibilityVersion = "Xcode 14.0";
			developmentRegion = en;
			hasScannedForEncodings = 0;
			knownRegions = (
				en,
				Base,
			);
			mainGroup = 2A7E124E2A49A088000E5D4A;
			packageReferences = (
				2A7E12702A4AF627000E5D4A /* XCRemoteSwiftPackageReference "SwiftUIFontIcon" */,
				2A7E12792A4C69C6000E5D4A /* XCRemoteSwiftPackageReference "swift-collections" */,
				2A7E127C2A4C6B33000E5D4A /* XCRemoteSwiftPackageReference "ChartView" */,
			);
			productRefGroup = 2A7E12582A49A089000E5D4A /* Products */;
			projectDirPath = "";
			projectRoot = "";
			targets = (
				2A7E12562A49A089000E5D4A /* FinanceTracker */,
			);
		};
/* End PBXProject section */

/* Begin PBXResourcesBuildPhase section */
		2A7E12552A49A089000E5D4A /* Resources */ = {
			isa = PBXResourcesBuildPhase;
			buildActionMask = 2147483647;
			files = (
				2A7E12622A49A08C000E5D4A /* Preview Assets.xcassets in Resources */,
				2A7E125F2A49A08C000E5D4A /* Assets.xcassets in Resources */,
			);
			runOnlyForDeploymentPostprocessing = 0;
		};
/* End PBXResourcesBuildPhase section */

/* Begin PBXSourcesBuildPhase section */
		2A7E12532A49A089000E5D4A /* Sources */ = {
			isa = PBXSourcesBuildPhase;
			buildActionMask = 2147483647;
			files = (
				2A7E126D2A49DA2E000E5D4A /* PreviewData.swift in Sources */,
				2A7E12782A4C652D000E5D4A /* TransactionList.swift in Sources */,
				2A7E12762A4B1AAF000E5D4A /* RecentTransactionList.swift in Sources */,
				2A7E126B2A49CABC000E5D4A /* TransactionModel.swift in Sources */,
				2A7E125D2A49A089000E5D4A /* ContentView.swift in Sources */,
				2A7E126F2A49DB5A000E5D4A /* TransactionRow.swift in Sources */,
				2A7E12692A49A320000E5D4A /* Extensions.swift in Sources */,
				2A7E12742A4AF70F000E5D4A /* TransactionListViewModel.swift in Sources */,
				2A7E125B2A49A089000E5D4A /* FinanceTrackerApp.swift in Sources */,
			);
			runOnlyForDeploymentPostprocessing = 0;
		};
/* End PBXSourcesBuildPhase section */

/* Begin XCBuildConfiguration section */
		2A7E12632A49A08C000E5D4A /* Debug */ = {
			isa = XCBuildConfiguration;
			buildSettings = {
				ALWAYS_SEARCH_USER_PATHS = NO;
				CLANG_ANALYZER_NONNULL = YES;
				CLANG_ANALYZER_NUMBER_OBJECT_CONVERSION = YES_AGGRESSIVE;
				CLANG_CXX_LANGUAGE_STANDARD = "gnu++20";
				CLANG_ENABLE_MODULES = YES;
				CLANG_ENABLE_OBJC_ARC = YES;
				CLANG_ENABLE_OBJC_WEAK = YES;
				CLANG_WARN_BLOCK_CAPTURE_AUTORELEASING = YES;
				CLANG_WARN_BOOL_CONVERSION = YES;
				CLANG_WARN_COMMA = YES;
				CLANG_WARN_CONSTANT_CONVERSION = YES;
				CLANG_WARN_DEPRECATED_OBJC_IMPLEMENTATIONS = YES;
				CLANG_WARN_DIRECT_OBJC_ISA_USAGE = YES_ERROR;
				CLANG_WARN_DOCUMENTATION_COMMENTS = YES;
				CLANG_WARN_EMPTY_BODY = YES;
				CLANG_WARN_ENUM_CONVERSION = YES;
				CLANG_WARN_INFINITE_RECURSION = YES;
				CLANG_WARN_INT_CONVERSION = YES;
				CLANG_WARN_NON_LITERAL_NULL_CONVERSION = YES;
				CLANG_WARN_OBJC_IMPLICIT_RETAIN_SELF = YES;
				CLANG_WARN_OBJC_LITERAL_CONVERSION = YES;
				CLANG_WARN_OBJC_ROOT_CLASS = YES_ERROR;
				CLANG_WARN_QUOTED_INCLUDE_IN_FRAMEWORK_HEADER = YES;
				CLANG_WARN_RANGE_LOOP_ANALYSIS = YES;
				CLANG_WARN_STRICT_PROTOTYPES = YES;
				CLANG_WARN_SUSPICIOUS_MOVE = YES;
				CLANG_WARN_UNGUARDED_AVAILABILITY = YES_AGGRESSIVE;
				CLANG_WARN_UNREACHABLE_CODE = YES;
				CLANG_WARN__DUPLICATE_METHOD_MATCH = YES;
				COPY_PHASE_STRIP = NO;
				DEBUG_INFORMATION_FORMAT = dwarf;
				ENABLE_STRICT_OBJC_MSGSEND = YES;
				ENABLE_TESTABILITY = YES;
				GCC_C_LANGUAGE_STANDARD = gnu11;
				GCC_DYNAMIC_NO_PIC = NO;
				GCC_NO_COMMON_BLOCKS = YES;
				GCC_OPTIMIZATION_LEVEL = 0;
				GCC_PREPROCESSOR_DEFINITIONS = (
					"DEBUG=1",
					"$(inherited)",
				);
				GCC_WARN_64_TO_32_BIT_CONVERSION = YES;
				GCC_WARN_ABOUT_RETURN_TYPE = YES_ERROR;
				GCC_WARN_UNDECLARED_SELECTOR = YES;
				GCC_WARN_UNINITIALIZED_AUTOS = YES_AGGRESSIVE;
				GCC_WARN_UNUSED_FUNCTION = YES;
				GCC_WARN_UNUSED_VARIABLE = YES;
				IPHONEOS_DEPLOYMENT_TARGET = 16.2;
				MTL_ENABLE_DEBUG_INFO = INCLUDE_SOURCE;
				MTL_FAST_MATH = YES;
				ONLY_ACTIVE_ARCH = YES;
				SDKROOT = iphoneos;
				SWIFT_ACTIVE_COMPILATION_CONDITIONS = DEBUG;
				SWIFT_OPTIMIZATION_LEVEL = "-Onone";
			};
			name = Debug;
		};
		2A7E12642A49A08C000E5D4A /* Release */ = {
			isa = XCBuildConfiguration;
			buildSettings = {
				ALWAYS_SEARCH_USER_PATHS = NO;
				CLANG_ANALYZER_NONNULL = YES;
				CLANG_ANALYZER_NUMBER_OBJECT_CONVERSION = YES_AGGRESSIVE;
				CLANG_CXX_LANGUAGE_STANDARD = "gnu++20";
				CLANG_ENABLE_MODULES = YES;
				CLANG_ENABLE_OBJC_ARC = YES;
				CLANG_ENABLE_OBJC_WEAK = YES;
				CLANG_WARN_BLOCK_CAPTURE_AUTORELEASING = YES;
				CLANG_WARN_BOOL_CONVERSION = YES;
				CLANG_WARN_COMMA = YES;
				CLANG_WARN_CONSTANT_CONVERSION = YES;
				CLANG_WARN_DEPRECATED_OBJC_IMPLEMENTATIONS = YES;
				CLANG_WARN_DIRECT_OBJC_ISA_USAGE = YES_ERROR;
				CLANG_WARN_DOCUMENTATION_COMMENTS = YES;
				CLANG_WARN_EMPTY_BODY = YES;
				CLANG_WARN_ENUM_CONVERSION = YES;
				CLANG_WARN_INFINITE_RECURSION = YES;
				CLANG_WARN_INT_CONVERSION = YES;
				CLANG_WARN_NON_LITERAL_NULL_CONVERSION = YES;
				CLANG_WARN_OBJC_IMPLICIT_RETAIN_SELF = YES;
				CLANG_WARN_OBJC_LITERAL_CONVERSION = YES;
				CLANG_WARN_OBJC_ROOT_CLASS = YES_ERROR;
				CLANG_WARN_QUOTED_INCLUDE_IN_FRAMEWORK_HEADER = YES;
				CLANG_WARN_RANGE_LOOP_ANALYSIS = YES;
				CLANG_WARN_STRICT_PROTOTYPES = YES;
				CLANG_WARN_SUSPICIOUS_MOVE = YES;
				CLANG_WARN_UNGUARDED_AVAILABILITY = YES_AGGRESSIVE;
				CLANG_WARN_UNREACHABLE_CODE = YES;
				CLANG_WARN__DUPLICATE_METHOD_MATCH = YES;
				COPY_PHASE_STRIP = NO;
				DEBUG_INFORMATION_FORMAT = "dwarf-with-dsym";
				ENABLE_NS_ASSERTIONS = NO;
				ENABLE_STRICT_OBJC_MSGSEND = YES;
				GCC_C_LANGUAGE_STANDARD = gnu11;
				GCC_NO_COMMON_BLOCKS = YES;
				GCC_WARN_64_TO_32_BIT_CONVERSION = YES;
				GCC_WARN_ABOUT_RETURN_TYPE = YES_ERROR;
				GCC_WARN_UNDECLARED_SELECTOR = YES;
				GCC_WARN_UNINITIALIZED_AUTOS = YES_AGGRESSIVE;
				GCC_WARN_UNUSED_FUNCTION = YES;
				GCC_WARN_UNUSED_VARIABLE = YES;
				IPHONEOS_DEPLOYMENT_TARGET = 16.2;
				MTL_ENABLE_DEBUG_INFO = NO;
				MTL_FAST_MATH = YES;
				SDKROOT = iphoneos;
				SWIFT_COMPILATION_MODE = wholemodule;
				SWIFT_OPTIMIZATION_LEVEL = "-O";
				VALIDATE_PRODUCT = YES;
			};
			name = Release;
		};
		2A7E12662A49A08C000E5D4A /* Debug */ = {
			isa = XCBuildConfiguration;
			buildSettings = {
				ASSETCATALOG_COMPILER_APPICON_NAME = AppIcon;
				ASSETCATALOG_COMPILER_GLOBAL_ACCENT_COLOR_NAME = AccentColor;
				CODE_SIGN_STYLE = Automatic;
				CURRENT_PROJECT_VERSION = 1;
				DEVELOPMENT_ASSET_PATHS = "\"FinanceTracker/Preview Content\"";
				ENABLE_PREVIEWS = YES;
				GENERATE_INFOPLIST_FILE = YES;
				INFOPLIST_KEY_UIApplicationSceneManifest_Generation = YES;
				INFOPLIST_KEY_UIApplicationSupportsIndirectInputEvents = YES;
				INFOPLIST_KEY_UILaunchScreen_Generation = YES;
				INFOPLIST_KEY_UISupportedInterfaceOrientations_iPad = "UIInterfaceOrientationPortrait UIInterfaceOrientationPortraitUpsideDown UIInterfaceOrientationLandscapeLeft UIInterfaceOrientationLandscapeRight";
				INFOPLIST_KEY_UISupportedInterfaceOrientations_iPhone = "UIInterfaceOrientationPortrait UIInterfaceOrientationLandscapeLeft UIInterfaceOrientationLandscapeRight";
				LD_RUNPATH_SEARCH_PATHS = (
					"$(inherited)",
					"@executable_path/Frameworks",
				);
				MARKETING_VERSION = 1.0;
				PRODUCT_BUNDLE_IDENTIFIER = YakuninAlexander.FinanceTracker;
				PRODUCT_NAME = "$(TARGET_NAME)";
				SWIFT_EMIT_LOC_STRINGS = YES;
				SWIFT_VERSION = 5.0;
				TARGETED_DEVICE_FAMILY = "1,2";
			};
			name = Debug;
		};
		2A7E12672A49A08C000E5D4A /* Release */ = {
			isa = XCBuildConfiguration;
			buildSettings = {
				ASSETCATALOG_COMPILER_APPICON_NAME = AppIcon;
				ASSETCATALOG_COMPILER_GLOBAL_ACCENT_COLOR_NAME = AccentColor;
				CODE_SIGN_STYLE = Automatic;
				CURRENT_PROJECT_VERSION = 1;
				DEVELOPMENT_ASSET_PATHS = "\"FinanceTracker/Preview Content\"";
				ENABLE_PREVIEWS = YES;
				GENERATE_INFOPLIST_FILE = YES;
				INFOPLIST_KEY_UIApplicationSceneManifest_Generation = YES;
				INFOPLIST_KEY_UIApplicationSupportsIndirectInputEvents = YES;
				INFOPLIST_KEY_UILaunchScreen_Generation = YES;
				INFOPLIST_KEY_UISupportedInterfaceOrientations_iPad = "UIInterfaceOrientationPortrait UIInterfaceOrientationPortraitUpsideDown UIInterfaceOrientationLandscapeLeft UIInterfaceOrientationLandscapeRight";
				INFOPLIST_KEY_UISupportedInterfaceOrientations_iPhone = "UIInterfaceOrientationPortrait UIInterfaceOrientationLandscapeLeft UIInterfaceOrientationLandscapeRight";
				LD_RUNPATH_SEARCH_PATHS = (
					"$(inherited)",
					"@executable_path/Frameworks",
				);
				MARKETING_VERSION = 1.0;
				PRODUCT_BUNDLE_IDENTIFIER = YakuninAlexander.FinanceTracker;
				PRODUCT_NAME = "$(TARGET_NAME)";
				SWIFT_EMIT_LOC_STRINGS = YES;
				SWIFT_VERSION = 5.0;
				TARGETED_DEVICE_FAMILY = "1,2";
			};
			name = Release;
		};
/* End XCBuildConfiguration section */

/* Begin XCConfigurationList section */
		2A7E12522A49A088000E5D4A /* Build configuration list for PBXProject "FinanceTracker" */ = {
			isa = XCConfigurationList;
			buildConfigurations = (
				2A7E12632A49A08C000E5D4A /* Debug */,
				2A7E12642A49A08C000E5D4A /* Release */,
			);
			defaultConfigurationIsVisible = 0;
			defaultConfigurationName = Release;
		};
		2A7E12652A49A08C000E5D4A /* Build configuration list for PBXNativeTarget "FinanceTracker" */ = {
			isa = XCConfigurationList;
			buildConfigurations = (
				2A7E12662A49A08C000E5D4A /* Debug */,
				2A7E12672A49A08C000E5D4A /* Release */,
			);
			defaultConfigurationIsVisible = 0;
			defaultConfigurationName = Release;
		};
/* End XCConfigurationList section */

/* Begin XCRemoteSwiftPackageReference section */
		2A7E12702A4AF627000E5D4A /* XCRemoteSwiftPackageReference "SwiftUIFontIcon" */ = {
			isa = XCRemoteSwiftPackageReference;
			repositoryURL = "https://github.com/huybuidac/SwiftUIFontIcon";
			requirement = {
				branch = master;
				kind = branch;
			};
		};
		2A7E12792A4C69C6000E5D4A /* XCRemoteSwiftPackageReference "swift-collections" */ = {
			isa = XCRemoteSwiftPackageReference;
			repositoryURL = "https://github.com/apple/swift-collections.git";
			requirement = {
				kind = upToNextMajorVersion;
				minimumVersion = 1.0.4;
			};
		};
		2A7E127C2A4C6B33000E5D4A /* XCRemoteSwiftPackageReference "ChartView" */ = {
			isa = XCRemoteSwiftPackageReference;
			repositoryURL = "https://github.com/AppPear/ChartView";
			requirement = {
				kind = exactVersion;
				version = "2.0.0-beta.2";
			};
		};
/* End XCRemoteSwiftPackageReference section */

/* Begin XCSwiftPackageProductDependency section */
		2A7E12712A4AF627000E5D4A /* SwiftUIFontIcon */ = {
			isa = XCSwiftPackageProductDependency;
			package = 2A7E12702A4AF627000E5D4A /* XCRemoteSwiftPackageReference "SwiftUIFontIcon" */;
			productName = SwiftUIFontIcon;
		};
		2A7E127A2A4C69C6000E5D4A /* Collections */ = {
			isa = XCSwiftPackageProductDependency;
			package = 2A7E12792A4C69C6000E5D4A /* XCRemoteSwiftPackageReference "swift-collections" */;
			productName = Collections;
		};
		2A7E127D2A4C6B33000E5D4A /* SwiftUICharts */ = {
			isa = XCSwiftPackageProductDependency;
			package = 2A7E127C2A4C6B33000E5D4A /* XCRemoteSwiftPackageReference "ChartView" */;
			productName = SwiftUICharts;
		};
/* End XCSwiftPackageProductDependency section */
	};
	rootObject = 2A7E124F2A49A088000E5D4A /* Project object */;
}
